
Microsoft Visual Studio Solution File, Format Version 12.00
# Visual Studio 14
VisualStudioVersion = 14.0.25123.0
MinimumVisualStudioVersion = 10.0.40219.1
Project("{FAE04EC0-301F-11D3-BF4B-00C04F79EFBC}") = "Calc", "Calc\Calc.csproj", "{99C9E82C-C594-446D-AA59-8FFBC43AD226}"
EndProject
Project("{FAE04EC0-301F-11D3-BF4B-00C04F79EFBC}") = "Calc.Engine", "Calc.Engine\Calc.Engine.csproj", "{AB8B448C-DD74-4D60-A041-3E5D03A32180}"
EndProject
Project("{FAE04EC0-301F-11D3-BF4B-00C04F79EFBC}") = "Calc.General", "Calc.General\Calc.General.csproj", "{F8E6D58A-8519-4ADC-8DE2-4DB6ABEB92EC}"
EndProject
Project("{FAE04EC0-301F-11D3-BF4B-00C04F79EFBC}") = "Calc.Infra", "Calc.Infra\Calc.Infra.csproj", "{CE7DDF9E-B8D5-438F-96FD-9478D785E9EE}"
EndProject
Project("{FAE04EC0-301F-11D3-BF4B-00C04F79EFBC}") = "Calc.Scientific", "Calc.Scientific\Calc.Scientific.csproj", "{2DAB110C-D466-40B9-8454-8852D90DD19C}"
EndProject
Project("{FAE04EC0-301F-11D3-BF4B-00C04F79EFBC}") = "Calc.Screen", "Calc.Screen\Calc.Screen.csproj", "{1C0B226A-82C4-4150-AB2D-1CDB7B450801}"
EndProject
Project("{FAE04EC0-301F-11D3-BF4B-00C04F79EFBC}") = "Calc.Selector", "Calc.Selector\Calc.Selector.csproj", "{90007F05-FFE1-4B65-9590-5AF6AFDC45DD}"
EndProject
Global
	GlobalSection(SolutionConfigurationPlatforms) = preSolution
		Debug|Any CPU = Debug|Any CPU
		Release|Any CPU = Release|Any CPU
	EndGlobalSection
	GlobalSection(ProjectConfigurationPlatforms) = postSolution
		{99C9E82C-C594-446D-AA59-8FFBC43AD226}.Debug|Any CPU.ActiveCfg = Debug|Any CPU
		{99C9E82C-C594-446D-AA59-8FFBC43AD226}.Debug|Any CPU.Build.0 = Debug|Any CPU
		{99C9E82C-C594-446D-AA59-8FFBC43AD226}.Release|Any CPU.ActiveCfg = Release|Any CPU
		{99C9E82C-C594-446D-AA59-8FFBC43AD226}.Release|Any CPU.Build.0 = Release|Any CPU
		{AB8B448C-DD74-4D60-A041-3E5D03A32180}.Debug|Any CPU.ActiveCfg = Debug|Any CPU
		{AB8B448C-DD74-4D60-A041-3E5D03A32180}.Debug|Any CPU.Build.0 = Debug|Any CPU
		{AB8B448C-DD74-4D60-A041-3E5D03A32180}.Release|Any CPU.ActiveCfg = Release|Any CPU
		{AB8B448C-DD74-4D60-A041-3E5D03A32180}.Release|Any CPU.Build.0 = Release|Any CPU
		{F8E6D58A-8519-4ADC-8DE2-4DB6ABEB92EC}.Debug|Any CPU.ActiveCfg = Debug|Any CPU
		{F8E6D58A-8519-4ADC-8DE2-4DB6ABEB92EC}.Debug|Any CPU.Build.0 = Debug|Any CPU
		{F8E6D58A-8519-4ADC-8DE2-4DB6ABEB92EC}.Release|Any CPU.ActiveCfg = Release|Any CPU
		{F8E6D58A-8519-4ADC-8DE2-4DB6ABEB92EC}.Release|Any CPU.Build.0 = Release|Any CPU
		{CE7DDF9E-B8D5-438F-96FD-9478D785E9EE}.Debug|Any CPU.ActiveCfg = Debug|Any CPU
		{CE7DDF9E-B8D5-438F-96FD-9478D785E9EE}.Debug|Any CPU.Build.0 = Debug|Any CPU
		{CE7DDF9E-B8D5-438F-96FD-9478D785E9EE}.Release|Any CPU.ActiveCfg = Release|Any CPU
		{CE7DDF9E-B8D5-438F-96FD-9478D785E9EE}.Release|Any CPU.Build.0 = Release|Any CPU
		{2DAB110C-D466-40B9-8454-8852D90DD19C}.Debug|Any CPU.ActiveCfg = Debug|Any CPU
		{2DAB110C-D466-40B9-8454-8852D90DD19C}.Debug|Any CPU.Build.0 = Debug|Any CPU
		{2DAB110C-D466-40B9-8454-8852D90DD19C}.Release|Any CPU.ActiveCfg = Release|Any CPU
		{2DAB110C-D466-40B9-8454-8852D90DD19C}.Release|Any CPU.Build.0 = Release|Any CPU
		{1C0B226A-82C4-4150-AB2D-1CDB7B450801}.Debug|Any CPU.ActiveCfg = Debug|Any CPU
		{1C0B226A-82C4-4150-AB2D-1CDB7B450801}.Debug|Any CPU.Build.0 = Debug|Any CPU
		{1C0B226A-82C4-4150-AB2D-1CDB7B450801}.Release|Any CPU.ActiveCfg = Release|Any CPU
		{1C0B226A-82C4-4150-AB2D-1CDB7B450801}.Release|Any CPU.Build.0 = Release|Any CPU
		{90007F05-FFE1-4B65-9590-5AF6AFDC45DD}.Debug|Any CPU.ActiveCfg = Debug|Any CPU
		{90007F05-FFE1-4B65-9590-5AF6AFDC45DD}.Debug|Any CPU.Build.0 = Debug|Any CPU
		{90007F05-FFE1-4B65-9590-5AF6AFDC45DD}.Release|Any CPU.ActiveCfg = Release|Any CPU
		{90007F05-FFE1-4B65-9590-5AF6AFDC45DD}.Release|Any CPU.Build.0 = Release|Any CPU
	EndGlobalSection
	GlobalSection(SolutionProperties) = preSolution
		HideSolutionNode = FALSE
	EndGlobalSection
EndGlobal
